
Microsoft Visual Studio Solution File, Format Version 12.00
# Visual Studio Version 17
VisualStudioVersion = 17.8.34525.116
MinimumVisualStudioVersion = 10.0.40219.1
Project("{FAE04EC0-301F-11D3-BF4B-00C04F79EFBC}") = "WPF-Practice", "WPF-Practice\WPF-Practice.csproj", "{D419B02A-0841-4F65-815E-E6E2A148416A}"
EndProject
Global
	GlobalSection(SolutionConfigurationPlatforms) = preSolution
		Debug|Any CPU = Debug|Any CPU
		Release|Any CPU = Release|Any CPU
	EndGlobalSection
	GlobalSection(ProjectConfigurationPlatforms) = postSolution
		{D419B02A-0841-4F65-815E-E6E2A148416A}.Debug|Any CPU.ActiveCfg = Debug|Any CPU
		{D419B02A-0841-4F65-815E-E6E2A148416A}.Debug|Any CPU.Build.0 = Debug|Any CPU
		{D419B02A-0841-4F65-815E-E6E2A148416A}.Release|Any CPU.ActiveCfg = Release|Any CPU
		{D419B02A-0841-4F65-815E-E6E2A148416A}.Release|Any CPU.Build.0 = Release|Any CPU
	EndGlobalSection
	GlobalSection(SolutionProperties) = preSolution
		HideSolutionNode = FALSE
	EndGlobalSection
	GlobalSection(ExtensibilityGlobals) = postSolution
		SolutionGuid = {6E6FD037-AA2A-4CCE-9B31-3D4F8259A2B0}
	EndGlobalSection
EndGlobal
